
Microsoft Visual Studio Solution File, Format Version 12.00
# Visual Studio Version 16
VisualStudioVersion = 16.0.31702.278
MinimumVisualStudioVersion = 10.0.40219.1
Project("{FAE04EC0-301F-11D3-BF4B-00C04F79EFBC}") = "PaPlWebsite", "PaPlWebsite\PaPlWebsite.csproj", "{057970EF-26DA-4309-B3C8-9F19C1239853}"
EndProject
Global
	GlobalSection(SolutionConfigurationPlatforms) = preSolution
		Debug|Any CPU = Debug|Any CPU
		Release|Any CPU = Release|Any CPU
	EndGlobalSection
	GlobalSection(ProjectConfigurationPlatforms) = postSolution
		{057970EF-26DA-4309-B3C8-9F19C1239853}.Debug|Any CPU.ActiveCfg = Debug|Any CPU
		{057970EF-26DA-4309-B3C8-9F19C1239853}.Debug|Any CPU.Build.0 = Debug|Any CPU
		{057970EF-26DA-4309-B3C8-9F19C1239853}.Release|Any CPU.ActiveCfg = Release|Any CPU
		{057970EF-26DA-4309-B3C8-9F19C1239853}.Release|Any CPU.Build.0 = Release|Any CPU
	EndGlobalSection
	GlobalSection(SolutionProperties) = preSolution
		HideSolutionNode = FALSE
	EndGlobalSection
	GlobalSection(ExtensibilityGlobals) = postSolution
		SolutionGuid = {AE4F8E54-B99A-4F65-870A-11FAC10A3A8F}
	EndGlobalSection
EndGlobal
